// !$*UTF8*$!
{
	archiveVersion = 1;
	classes = {
	};
	objectVersion = 46;
	objects = {

/* Begin PBXBuildFile section */
		5A4D5B9D1DC1E6E30065FEA1 /* main.m in Sources */ = {isa = PBXBuildFile; fileRef = 5A4D5B9C1DC1E6E30065FEA1 /* main.m */; };
		5A4D5BA01DC1E6E30065FEA1 /* AppDelegate.m in Sources */ = {isa = PBXBuildFile; fileRef = 5A4D5B9F1DC1E6E30065FEA1 /* AppDelegate.m */; };
		5A4D5BA61DC1E6E30065FEA1 /* Main.storyboard in Resources */ = {isa = PBXBuildFile; fileRef = 5A4D5BA41DC1E6E30065FEA1 /* Main.storyboard */; };
		5A4D5BA81DC1E6E30065FEA1 /* Assets.xcassets in Resources */ = {isa = PBXBuildFile; fileRef = 5A4D5BA71DC1E6E30065FEA1 /* Assets.xcassets */; };
		5A4D5BAB1DC1E6E30065FEA1 /* LaunchScreen.storyboard in Resources */ = {isa = PBXBuildFile; fileRef = 5A4D5BA91DC1E6E30065FEA1 /* LaunchScreen.storyboard */; };
		5A4D5BB61DC1E6E30065FEA1 /* QQDRAWER_OCUITests.m in Sources */ = {isa = PBXBuildFile; fileRef = 5A4D5BB51DC1E6E30065FEA1 /* QQDRAWER_OCUITests.m */; };
		5A4D5BC21DC1E7A50065FEA1 /* QQDrawerViewController.m in Sources */ = {isa = PBXBuildFile; fileRef = 5A4D5BC11DC1E7A50065FEA1 /* QQDrawerViewController.m */; };
		5A4D5BC51DC1E8BE0065FEA1 /* QQLeftTableViewController.m in Sources */ = {isa = PBXBuildFile; fileRef = 5A4D5BC41DC1E8BE0065FEA1 /* QQLeftTableViewController.m */; };
		5A4D5BC81DC1E8E90065FEA1 /* QQMainTabBarController.m in Sources */ = {isa = PBXBuildFile; fileRef = 5A4D5BC71DC1E8E90065FEA1 /* QQMainTabBarController.m */; };
		5A4D5BCB1DC23DCA0065FEA1 /* QQMessageViewController.m in Sources */ = {isa = PBXBuildFile; fileRef = 5A4D5BCA1DC23DCA0065FEA1 /* QQMessageViewController.m */; };
		5A4D5BCE1DC23F190065FEA1 /* QQFriendViewController.m in Sources */ = {isa = PBXBuildFile; fileRef = 5A4D5BCD1DC23F190065FEA1 /* QQFriendViewController.m */; };
		5A4D5BD11DC23F870065FEA1 /* QQDynamicsViewController.m in Sources */ = {isa = PBXBuildFile; fileRef = 5A4D5BD01DC23F870065FEA1 /* QQDynamicsViewController.m */; };
		5AFF3AC01DC59F4B00B2E267 /* LeftTurnViewController.m in Sources */ = {isa = PBXBuildFile; fileRef = 5AFF3ABF1DC59F4B00B2E267 /* LeftTurnViewController.m */; };
/* End PBXBuildFile section */

/* Begin PBXContainerItemProxy section */
		5A4D5BB21DC1E6E30065FEA1 /* PBXContainerItemProxy */ = {
			isa = PBXContainerItemProxy;
			containerPortal = 5A4D5B901DC1E6E30065FEA1 /* Project object */;
			proxyType = 1;
			remoteGlobalIDString = 5A4D5B971DC1E6E30065FEA1;
			remoteInfo = QQDRAWER_OC;
		};
/* End PBXContainerItemProxy section */

/* Begin PBXFileReference section */
		5A4D5B981DC1E6E30065FEA1 /* QQDRAWER_OC.app */ = {isa = PBXFileReference; explicitFileType = wrapper.application; includeInIndex = 0; path = QQDRAWER_OC.app; sourceTree = BUILT_PRODUCTS_DIR; };
		5A4D5B9C1DC1E6E30065FEA1 /* main.m */ = {isa = PBXFileReference; lastKnownFileType = sourcecode.c.objc; path = main.m; sourceTree = "<group>"; };
		5A4D5B9E1DC1E6E30065FEA1 /* AppDelegate.h */ = {isa = PBXFileReference; lastKnownFileType = sourcecode.c.h; path = AppDelegate.h; sourceTree = "<group>"; };
		5A4D5B9F1DC1E6E30065FEA1 /* AppDelegate.m */ = {isa = PBXFileReference; lastKnownFileType = sourcecode.c.objc; path = AppDelegate.m; sourceTree = "<group>"; };
		5A4D5BA51DC1E6E30065FEA1 /* Base */ = {isa = PBXFileReference; lastKnownFileType = file.storyboard; name = Base; path = Base.lproj/Main.storyboard; sourceTree = "<group>"; };
		5A4D5BA71DC1E6E30065FEA1 /* Assets.xcassets */ = {isa = PBXFileReference; lastKnownFileType = folder.assetcatalog; path = Assets.xcassets; sourceTree = "<group>"; };
		5A4D5BAA1DC1E6E30065FEA1 /* Base */ = {isa = PBXFileReference; lastKnownFileType = file.storyboard; name = Base; path = Base.lproj/LaunchScreen.storyboard; sourceTree = "<group>"; };
		5A4D5BAC1DC1E6E30065FEA1 /* Info.plist */ = {isa = PBXFileReference; lastKnownFileType = text.plist.xml; path = Info.plist; sourceTree = "<group>"; };
		5A4D5BB11DC1E6E30065FEA1 /* QQDRAWER_OCUITests.xctest */ = {isa = PBXFileReference; explicitFileType = wrapper.cfbundle; includeInIndex = 0; path = QQDRAWER_OCUITests.xctest; sourceTree = BUILT_PRODUCTS_DIR; };
		5A4D5BB51DC1E6E30065FEA1 /* QQDRAWER_OCUITests.m */ = {isa = PBXFileReference; lastKnownFileType = sourcecode.c.objc; path = QQDRAWER_OCUITests.m; sourceTree = "<group>"; };
		5A4D5BB71DC1E6E30065FEA1 /* Info.plist */ = {isa = PBXFileReference; lastKnownFileType = text.plist.xml; path = Info.plist; sourceTree = "<group>"; };
		5A4D5BC01DC1E7A50065FEA1 /* QQDrawerViewController.h */ = {isa = PBXFileReference; fileEncoding = 4; lastKnownFileType = sourcecode.c.h; path = QQDrawerViewController.h; sourceTree = "<group>"; };
		5A4D5BC11DC1E7A50065FEA1 /* QQDrawerViewController.m */ = {isa = PBXFileReference; fileEncoding = 4; lastKnownFileType = sourcecode.c.objc; path = QQDrawerViewController.m; sourceTree = "<group>"; };
		5A4D5BC31DC1E8BE0065FEA1 /* QQLeftTableViewController.h */ = {isa = PBXFileReference; fileEncoding = 4; lastKnownFileType = sourcecode.c.h; path = QQLeftTableViewController.h; sourceTree = "<group>"; };
		5A4D5BC41DC1E8BE0065FEA1 /* QQLeftTableViewController.m */ = {isa = PBXFileReference; fileEncoding = 4; lastKnownFileType = sourcecode.c.objc; path = QQLeftTableViewController.m; sourceTree = "<group>"; };
		5A4D5BC61DC1E8E90065FEA1 /* QQMainTabBarController.h */ = {isa = PBXFileReference; fileEncoding = 4; lastKnownFileType = sourcecode.c.h; path = QQMainTabBarController.h; sourceTree = "<group>"; };
		5A4D5BC71DC1E8E90065FEA1 /* QQMainTabBarController.m */ = {isa = PBXFileReference; fileEncoding = 4; lastKnownFileType = sourcecode.c.objc; path = QQMainTabBarController.m; sourceTree = "<group>"; };
		5A4D5BC91DC23DCA0065FEA1 /* QQMessageViewController.h */ = {isa = PBXFileReference; fileEncoding = 4; lastKnownFileType = sourcecode.c.h; path = QQMessageViewController.h; sourceTree = "<group>"; };
		5A4D5BCA1DC23DCA0065FEA1 /* QQMessageViewController.m */ = {isa = PBXFileReference; fileEncoding = 4; lastKnownFileType = sourcecode.c.objc; path = QQMessageViewController.m; sourceTree = "<group>"; };
		5A4D5BCC1DC23F190065FEA1 /* QQFriendViewController.h */ = {isa = PBXFileReference; fileEncoding = 4; lastKnownFileType = sourcecode.c.h; path = QQFriendViewController.h; sourceTree = "<group>"; };
		5A4D5BCD1DC23F190065FEA1 /* QQFriendViewController.m */ = {isa = PBXFileReference; fileEncoding = 4; lastKnownFileType = sourcecode.c.objc; path = QQFriendViewController.m; sourceTree = "<group>"; };
		5A4D5BCF1DC23F870065FEA1 /* QQDynamicsViewController.h */ = {isa = PBXFileReference; fileEncoding = 4; lastKnownFileType = sourcecode.c.h; path = QQDynamicsViewController.h; sourceTree = "<group>"; };
		5A4D5BD01DC23F870065FEA1 /* QQDynamicsViewController.m */ = {isa = PBXFileReference; fileEncoding = 4; lastKnownFileType = sourcecode.c.objc; path = QQDynamicsViewController.m; sourceTree = "<group>"; };
		5AFF3ABE1DC59F4B00B2E267 /* LeftTurnViewController.h */ = {isa = PBXFileReference; fileEncoding = 4; lastKnownFileType = sourcecode.c.h; path = LeftTurnViewController.h; sourceTree = "<group>"; };
		5AFF3ABF1DC59F4B00B2E267 /* LeftTurnViewController.m */ = {isa = PBXFileReference; fileEncoding = 4; lastKnownFileType = sourcecode.c.objc; path = LeftTurnViewController.m; sourceTree = "<group>"; };
/* End PBXFileReference section */

/* Begin PBXFrameworksBuildPhase section */
		5A4D5B951DC1E6E30065FEA1 /* Frameworks */ = {
			isa = PBXFrameworksBuildPhase;
			buildActionMask = 2147483647;
			files = (
			);
			runOnlyForDeploymentPostprocessing = 0;
		};
		5A4D5BAE1DC1E6E30065FEA1 /* Frameworks */ = {
			isa = PBXFrameworksBuildPhase;
			buildActionMask = 2147483647;
			files = (
			);
			runOnlyForDeploymentPostprocessing = 0;
		};
/* End PBXFrameworksBuildPhase section */

/* Begin PBXGroup section */
		5A4D5B8F1DC1E6E20065FEA1 = {
			isa = PBXGroup;
			children = (
				5A4D5B9A1DC1E6E30065FEA1 /* QQDRAWER_OC */,
				5A4D5BB41DC1E6E30065FEA1 /* QQDRAWER_OCUITests */,
				5A4D5B991DC1E6E30065FEA1 /* Products */,
			);
			sourceTree = "<group>";
		};
		5A4D5B991DC1E6E30065FEA1 /* Products */ = {
			isa = PBXGroup;
			children = (
				5A4D5B981DC1E6E30065FEA1 /* QQDRAWER_OC.app */,
				5A4D5BB11DC1E6E30065FEA1 /* QQDRAWER_OCUITests.xctest */,
			);
			name = Products;
			sourceTree = "<group>";
		};
		5A4D5B9A1DC1E6E30065FEA1 /* QQDRAWER_OC */ = {
			isa = PBXGroup;
			children = (
				5A4D5B9E1DC1E6E30065FEA1 /* AppDelegate.h */,
				5A4D5B9F1DC1E6E30065FEA1 /* AppDelegate.m */,
				5A4D5BC01DC1E7A50065FEA1 /* QQDrawerViewController.h */,
				5A4D5BC11DC1E7A50065FEA1 /* QQDrawerViewController.m */,
				5A4D5BC31DC1E8BE0065FEA1 /* QQLeftTableViewController.h */,
				5A4D5BC41DC1E8BE0065FEA1 /* QQLeftTableViewController.m */,
				5A4D5BC61DC1E8E90065FEA1 /* QQMainTabBarController.h */,
				5A4D5BC71DC1E8E90065FEA1 /* QQMainTabBarController.m */,
				5A4D5BC91DC23DCA0065FEA1 /* QQMessageViewController.h */,
				5A4D5BCA1DC23DCA0065FEA1 /* QQMessageViewController.m */,
				5A4D5BCC1DC23F190065FEA1 /* QQFriendViewController.h */,
				5A4D5BCD1DC23F190065FEA1 /* QQFriendViewController.m */,
				5A4D5BCF1DC23F870065FEA1 /* QQDynamicsViewController.h */,
				5A4D5BD01DC23F870065FEA1 /* QQDynamicsViewController.m */,
				5AFF3ABE1DC59F4B00B2E267 /* LeftTurnViewController.h */,
				5AFF3ABF1DC59F4B00B2E267 /* LeftTurnViewController.m */,
				5A4D5BA41DC1E6E30065FEA1 /* Main.storyboard */,
				5A4D5BA71DC1E6E30065FEA1 /* Assets.xcassets */,
				5A4D5BA91DC1E6E30065FEA1 /* LaunchScreen.storyboard */,
				5A4D5BAC1DC1E6E30065FEA1 /* Info.plist */,
				5A4D5B9B1DC1E6E30065FEA1 /* Supporting Files */,
			);
			path = QQDRAWER_OC;
			sourceTree = "<group>";
		};
		5A4D5B9B1DC1E6E30065FEA1 /* Supporting Files */ = {
			isa = PBXGroup;
			children = (
				5A4D5B9C1DC1E6E30065FEA1 /* main.m */,
			);
			name = "Supporting Files";
			sourceTree = "<group>";
		};
		5A4D5BB41DC1E6E30065FEA1 /* QQDRAWER_OCUITests */ = {
			isa = PBXGroup;
			children = (
				5A4D5BB51DC1E6E30065FEA1 /* QQDRAWER_OCUITests.m */,
				5A4D5BB71DC1E6E30065FEA1 /* Info.plist */,
			);
			path = QQDRAWER_OCUITests;
			sourceTree = "<group>";
		};
/* End PBXGroup section */

/* Begin PBXNativeTarget section */
		5A4D5B971DC1E6E30065FEA1 /* QQDRAWER_OC */ = {
			isa = PBXNativeTarget;
			buildConfigurationList = 5A4D5BBA1DC1E6E30065FEA1 /* Build configuration list for PBXNativeTarget "QQDRAWER_OC" */;
			buildPhases = (
				5A4D5B941DC1E6E30065FEA1 /* Sources */,
				5A4D5B951DC1E6E30065FEA1 /* Frameworks */,
				5A4D5B961DC1E6E30065FEA1 /* Resources */,
			);
			buildRules = (
			);
			dependencies = (
			);
			name = QQDRAWER_OC;
			productName = QQDRAWER_OC;
			productReference = 5A4D5B981DC1E6E30065FEA1 /* QQDRAWER_OC.app */;
			productType = "com.apple.product-type.application";
		};
		5A4D5BB01DC1E6E30065FEA1 /* QQDRAWER_OCUITests */ = {
			isa = PBXNativeTarget;
			buildConfigurationList = 5A4D5BBD1DC1E6E30065FEA1 /* Build configuration list for PBXNativeTarget "QQDRAWER_OCUITests" */;
			buildPhases = (
				5A4D5BAD1DC1E6E30065FEA1 /* Sources */,
				5A4D5BAE1DC1E6E30065FEA1 /* Frameworks */,
				5A4D5BAF1DC1E6E30065FEA1 /* Resources */,
			);
			buildRules = (
			);
			dependencies = (
				5A4D5BB31DC1E6E30065FEA1 /* PBXTargetDependency */,
			);
			name = QQDRAWER_OCUITests;
			productName = QQDRAWER_OCUITests;
			productReference = 5A4D5BB11DC1E6E30065FEA1 /* QQDRAWER_OCUITests.xctest */;
			productType = "com.apple.product-type.bundle.ui-testing";
		};
/* End PBXNativeTarget section */

/* Begin PBXProject section */
		5A4D5B901DC1E6E30065FEA1 /* Project object */ = {
			isa = PBXProject;
			attributes = {
				LastUpgradeCheck = 0800;
				ORGANIZATIONNAME = BlackSky;
				TargetAttributes = {
					5A4D5B971DC1E6E30065FEA1 = {
						CreatedOnToolsVersion = 8.0;
						ProvisioningStyle = Automatic;
					};
					5A4D5BB01DC1E6E30065FEA1 = {
						CreatedOnToolsVersion = 8.0;
						ProvisioningStyle = Automatic;
						TestTargetID = 5A4D5B971DC1E6E30065FEA1;
					};
				};
			};
			buildConfigurationList = 5A4D5B931DC1E6E30065FEA1 /* Build configuration list for PBXProject "QQDRAWER_OC" */;
			compatibilityVersion = "Xcode 3.2";
			developmentRegion = English;
			hasScannedForEncodings = 0;
			knownRegions = (
				en,
				Base,
			);
			mainGroup = 5A4D5B8F1DC1E6E20065FEA1;
			productRefGroup = 5A4D5B991DC1E6E30065FEA1 /* Products */;
			projectDirPath = "";
			projectRoot = "";
			targets = (
				5A4D5B971DC1E6E30065FEA1 /* QQDRAWER_OC */,
				5A4D5BB01DC1E6E30065FEA1 /* QQDRAWER_OCUITests */,
			);
		};
/* End PBXProject section */

/* Begin PBXResourcesBuildPhase section */
		5A4D5B961DC1E6E30065FEA1 /* Resources */ = {
			isa = PBXResourcesBuildPhase;
			buildActionMask = 2147483647;
			files = (
				5A4D5BAB1DC1E6E30065FEA1 /* LaunchScreen.storyboard in Resources */,
				5A4D5BA81DC1E6E30065FEA1 /* Assets.xcassets in Resources */,
				5A4D5BA61DC1E6E30065FEA1 /* Main.storyboard in Resources */,
			);
			runOnlyForDeploymentPostprocessing = 0;
		};
		5A4D5BAF1DC1E6E30065FEA1 /* Resources */ = {
			isa = PBXResourcesBuildPhase;
			buildActionMask = 2147483647;
			files = (
			);
			runOnlyForDeploymentPostprocessing = 0;
		};
/* End PBXResourcesBuildPhase section */

/* Begin PBXSourcesBuildPhase section */
		5A4D5B941DC1E6E30065FEA1 /* Sources */ = {
			isa = PBXSourcesBuildPhase;
			buildActionMask = 2147483647;
			files = (
				5A4D5BCE1DC23F190065FEA1 /* QQFriendViewController.m in Sources */,
				5A4D5BA01DC1E6E30065FEA1 /* AppDelegate.m in Sources */,
				5A4D5B9D1DC1E6E30065FEA1 /* main.m in Sources */,
				5A4D5BC51DC1E8BE0065FEA1 /* QQLeftTableViewController.m in Sources */,
				5A4D5BC21DC1E7A50065FEA1 /* QQDrawerViewController.m in Sources */,
				5A4D5BCB1DC23DCA0065FEA1 /* QQMessageViewController.m in Sources */,
				5A4D5BD11DC23F870065FEA1 /* QQDynamicsViewController.m in Sources */,
				5A4D5BC81DC1E8E90065FEA1 /* QQMainTabBarController.m in Sources */,
				5AFF3AC01DC59F4B00B2E267 /* LeftTurnViewController.m in Sources */,
			);
			runOnlyForDeploymentPostprocessing = 0;
		};
		5A4D5BAD1DC1E6E30065FEA1 /* Sources */ = {
			isa = PBXSourcesBuildPhase;
			buildActionMask = 2147483647;
			files = (
				5A4D5BB61DC1E6E30065FEA1 /* QQDRAWER_OCUITests.m in Sources */,
			);
			runOnlyForDeploymentPostprocessing = 0;
		};
/* End PBXSourcesBuildPhase section */

/* Begin PBXTargetDependency section */
		5A4D5BB31DC1E6E30065FEA1 /* PBXTargetDependency */ = {
			isa = PBXTargetDependency;
			target = 5A4D5B971DC1E6E30065FEA1 /* QQDRAWER_OC */;
			targetProxy = 5A4D5BB21DC1E6E30065FEA1 /* PBXContainerItemProxy */;
		};
/* End PBXTargetDependency section */

/* Begin PBXVariantGroup section */
		5A4D5BA41DC1E6E30065FEA1 /* Main.storyboard */ = {
			isa = PBXVariantGroup;
			children = (
				5A4D5BA51DC1E6E30065FEA1 /* Base */,
			);
			name = Main.storyboard;
			sourceTree = "<group>";
		};
		5A4D5BA91DC1E6E30065FEA1 /* LaunchScreen.storyboard */ = {
			isa = PBXVariantGroup;
			children = (
				5A4D5BAA1DC1E6E30065FEA1 /* Base */,
			);
			name = LaunchScreen.storyboard;
			sourceTree = "<group>";
		};
/* End PBXVariantGroup section */

/* Begin XCBuildConfiguration section */
		5A4D5BB81DC1E6E30065FEA1 /* Debug */ = {
			isa = XCBuildConfiguration;
			buildSettings = {
				ALWAYS_SEARCH_USER_PATHS = NO;
				CLANG_ANALYZER_NONNULL = YES;
				CLANG_CXX_LANGUAGE_STANDARD = "gnu++0x";
				CLANG_CXX_LIBRARY = "libc++";
				CLANG_ENABLE_MODULES = YES;
				CLANG_ENABLE_OBJC_ARC = YES;
				CLANG_WARN_BOOL_CONVERSION = YES;
				CLANG_WARN_CONSTANT_CONVERSION = YES;
				CLANG_WARN_DIRECT_OBJC_ISA_USAGE = YES_ERROR;
				CLANG_WARN_DOCUMENTATION_COMMENTS = YES;
				CLANG_WARN_EMPTY_BODY = YES;
				CLANG_WARN_ENUM_CONVERSION = YES;
				CLANG_WARN_INFINITE_RECURSION = YES;
				CLANG_WARN_INT_CONVERSION = YES;
				CLANG_WARN_OBJC_ROOT_CLASS = YES_ERROR;
				CLANG_WARN_SUSPICIOUS_MOVES = YES;
				CLANG_WARN_UNREACHABLE_CODE = YES;
				CLANG_WARN__DUPLICATE_METHOD_MATCH = YES;
				"CODE_SIGN_IDENTITY[sdk=iphoneos*]" = "iPhone Developer";
				COPY_PHASE_STRIP = NO;
				DEBUG_INFORMATION_FORMAT = dwarf;
				ENABLE_STRICT_OBJC_MSGSEND = YES;
				ENABLE_TESTABILITY = YES;
				GCC_C_LANGUAGE_STANDARD = gnu99;
				GCC_DYNAMIC_NO_PIC = NO;
				GCC_NO_COMMON_BLOCKS = YES;
				GCC_OPTIMIZATION_LEVEL = 0;
				GCC_PREPROCESSOR_DEFINITIONS = (
					"DEBUG=1",
					"$(inherited)",
				);
				GCC_WARN_64_TO_32_BIT_CONVERSION = YES;
				GCC_WARN_ABOUT_RETURN_TYPE = YES_ERROR;
				GCC_WARN_UNDECLARED_SELECTOR = YES;
				GCC_WARN_UNINITIALIZED_AUTOS = YES_AGGRESSIVE;
				GCC_WARN_UNUSED_FUNCTION = YES;
				GCC_WARN_UNUSED_VARIABLE = YES;
				IPHONEOS_DEPLOYMENT_TARGET = 10.0;
				MTL_ENABLE_DEBUG_INFO = YES;
				ONLY_ACTIVE_ARCH = YES;
				SDKROOT = iphoneos;
			};
			name = Debug;
		};
		5A4D5BB91DC1E6E30065FEA1 /* Release */ = {
			isa = XCBuildConfiguration;
			buildSettings = {
				ALWAYS_SEARCH_USER_PATHS = NO;
				CLANG_ANALYZER_NONNULL = YES;
				CLANG_CXX_LANGUAGE_STANDARD = "gnu++0x";
				CLANG_CXX_LIBRARY = "libc++";
				CLANG_ENABLE_MODULES = YES;
				CLANG_ENABLE_OBJC_ARC = YES;
				CLANG_WARN_BOOL_CONVERSION = YES;
				CLANG_WARN_CONSTANT_CONVERSION = YES;
				CLANG_WARN_DIRECT_OBJC_ISA_USAGE = YES_ERROR;
				CLANG_WARN_DOCUMENTATION_COMMENTS = YES;
				CLANG_WARN_EMPTY_BODY = YES;
				CLANG_WARN_ENUM_CONVERSION = YES;
				CLANG_WARN_INFINITE_RECURSION = YES;
				CLANG_WARN_INT_CONVERSION = YES;
				CLANG_WARN_OBJC_ROOT_CLASS = YES_ERROR;
				CLANG_WARN_SUSPICIOUS_MOVES = YES;
				CLANG_WARN_UNREACHABLE_CODE = YES;
				CLANG_WARN__DUPLICATE_METHOD_MATCH = YES;
				"CODE_SIGN_IDENTITY[sdk=iphoneos*]" = "iPhone Developer";
				COPY_PHASE_STRIP = NO;
				DEBUG_INFORMATION_FORMAT = "dwarf-with-dsym";
				ENABLE_NS_ASSERTIONS = NO;
				ENABLE_STRICT_OBJC_MSGSEND = YES;
				GCC_C_LANGUAGE_STANDARD = gnu99;
				GCC_NO_COMMON_BLOCKS = YES;
				GCC_WARN_64_TO_32_BIT_CONVERSION = YES;
				GCC_WARN_ABOUT_RETURN_TYPE = YES_ERROR;
				GCC_WARN_UNDECLARED_SELECTOR = YES;
				GCC_WARN_UNINITIALIZED_AUTOS = YES_AGGRESSIVE;
				GCC_WARN_UNUSED_FUNCTION = YES;
				GCC_WARN_UNUSED_VARIABLE = YES;
				IPHONEOS_DEPLOYMENT_TARGET = 10.0;
				MTL_ENABLE_DEBUG_INFO = NO;
				SDKROOT = iphoneos;
				VALIDATE_PRODUCT = YES;
			};
			name = Release;
		};
		5A4D5BBB1DC1E6E30065FEA1 /* Debug */ = {
			isa = XCBuildConfiguration;
			buildSettings = {
				ASSETCATALOG_COMPILER_APPICON_NAME = AppIcon;
				DEVELOPMENT_TEAM = "";
				INFOPLIST_FILE = QQDRAWER_OC/Info.plist;
				LD_RUNPATH_SEARCH_PATHS = "$(inherited) @executable_path/Frameworks";
				PRODUCT_BUNDLE_IDENTIFIER = "com.zzy.QQDRAWER-OC";
				PRODUCT_NAME = "$(TARGET_NAME)";
			};
			name = Debug;
		};
		5A4D5BBC1DC1E6E30065FEA1 /* Release */ = {
			isa = XCBuildConfiguration;
			buildSettings = {
				ASSETCATALOG_COMPILER_APPICON_NAME = AppIcon;
				DEVELOPMENT_TEAM = "";
				INFOPLIST_FILE = QQDRAWER_OC/Info.plist;
				LD_RUNPATH_SEARCH_PATHS = "$(inherited) @executable_path/Frameworks";
				PRODUCT_BUNDLE_IDENTIFIER = "com.zzy.QQDRAWER-OC";
				PRODUCT_NAME = "$(TARGET_NAME)";
			};
			name = Release;
		};
		5A4D5BBE1DC1E6E30065FEA1 /* Debug */ = {
			isa = XCBuildConfiguration;
			buildSettings = {
				INFOPLIST_FILE = QQDRAWER_OCUITests/Info.plist;
				LD_RUNPATH_SEARCH_PATHS = "$(inherited) @executable_path/Frameworks @loader_path/Frameworks";
				PRODUCT_BUNDLE_IDENTIFIER = "com.zzy.QQDRAWER-OCUITests";
				PRODUCT_NAME = "$(TARGET_NAME)";
				TEST_TARGET_NAME = QQDRAWER_OC;
			};
			name = Debug;
		};
		5A4D5BBF1DC1E6E30065FEA1 /* Release */ = {
			isa = XCBuildConfiguration;
			buildSettings = {
				INFOPLIST_FILE = QQDRAWER_OCUITests/Info.plist;
				LD_RUNPATH_SEARCH_PATHS = "$(inherited) @executable_path/Frameworks @loader_path/Frameworks";
				PRODUCT_BUNDLE_IDENTIFIER = "com.zzy.QQDRAWER-OCUITests";
				PRODUCT_NAME = "$(TARGET_NAME)";
				TEST_TARGET_NAME = QQDRAWER_OC;
			};
			name = Release;
		};
/* End XCBuildConfiguration section */

/* Begin XCConfigurationList section */
		5A4D5B931DC1E6E30065FEA1 /* Build configuration list for PBXProject "QQDRAWER_OC" */ = {
			isa = XCConfigurationList;
			buildConfigurations = (
				5A4D5BB81DC1E6E30065FEA1 /* Debug */,
				5A4D5BB91DC1E6E30065FEA1 /* Release */,
			);
			defaultConfigurationIsVisible = 0;
			defaultConfigurationName = Release;
		};
		5A4D5BBA1DC1E6E30065FEA1 /* Build configuration list for PBXNativeTarget "QQDRAWER_OC" */ = {
			isa = XCConfigurationList;
			buildConfigurations = (
				5A4D5BBB1DC1E6E30065FEA1 /* Debug */,
				5A4D5BBC1DC1E6E30065FEA1 /* Release */,
			);
			defaultConfigurationIsVisible = 0;
			defaultConfigurationName = Release;
		};
		5A4D5BBD1DC1E6E30065FEA1 /* Build configuration list for PBXNativeTarget "QQDRAWER_OCUITests" */ = {
			isa = XCConfigurationList;
			buildConfigurations = (
				5A4D5BBE1DC1E6E30065FEA1 /* Debug */,
				5A4D5BBF1DC1E6E30065FEA1 /* Release */,
			);
			defaultConfigurationIsVisible = 0;
			defaultConfigurationName = Release;
		};
/* End XCConfigurationList section */
	};
	rootObject = 5A4D5B901DC1E6E30065FEA1 /* Project object */;
}
